
Microsoft Visual Studio Solution File, Format Version 12.00
# Visual Studio Version 16
VisualStudioVersion = 16.0.29613.14
MinimumVisualStudioVersion = 10.0.40219.1
Project("{9A19103F-16F7-4668-BE54-9A1E7A4F7556}") = "Lab Arrays", "Lab Arrays.csproj", "{128B3EBC-DFCD-4EB4-9F2F-9F2FEF42FD02}"
EndProject
Project("{9A19103F-16F7-4668-BE54-9A1E7A4F7556}") = "02. Print Numbers in Reverse Order", "..\02. Print Numbers in Reverse Order\02. Print Numbers in Reverse Order.csproj", "{3FD4FDF8-081E-42F9-92E7-25158C8E5823}"
EndProject
Project("{9A19103F-16F7-4668-BE54-9A1E7A4F7556}") = "03. Rounding Numbers", "..\03. Rounding Numbers\03. Rounding Numbers.csproj", "{AB2E0791-633D-4B9B-8882-1887CCA37FC3}"
EndProject
Project("{9A19103F-16F7-4668-BE54-9A1E7A4F7556}") = "04. Reverse Array of Strings", "..\04. Reverse Array of Strings\04. Reverse Array of Strings.csproj", "{D43078C8-9E73-4B86-9535-12913BF2C608}"
EndProject
Project("{9A19103F-16F7-4668-BE54-9A1E7A4F7556}") = "05. Sum Even Numbers", "..\5. Sum Even Numbers\05. Sum Even Numbers.csproj", "{89B0067D-2624-4313-850D-AA638E9C7163}"
EndProject
Project("{9A19103F-16F7-4668-BE54-9A1E7A4F7556}") = "06. Even and Odd Subtraction", "..\6. Even and Odd Subtraction\06. Even and Odd Subtraction.csproj", "{01181BE8-8738-4D11-B4F5-BC5BC43922F2}"
EndProject
Project("{9A19103F-16F7-4668-BE54-9A1E7A4F7556}") = "07. Equal Arrays", "..\07. Equal Arrays\07. Equal Arrays.csproj", "{BCCF675E-7D28-48C0-AF0C-7669A08A011C}"
EndProject
Project("{FAE04EC0-301F-11D3-BF4B-00C04F79EFBC}") = "08. Condense Array to Number", "..\08. Condense Array to Number\08. Condense Array to Number.csproj", "{2D6976A0-119A-46E3-8807-6C59BF2FD38A}"
EndProject
Global
	GlobalSection(SolutionConfigurationPlatforms) = preSolution
		Debug|Any CPU = Debug|Any CPU
		Release|Any CPU = Release|Any CPU
	EndGlobalSection
	GlobalSection(ProjectConfigurationPlatforms) = postSolution
		{128B3EBC-DFCD-4EB4-9F2F-9F2FEF42FD02}.Debug|Any CPU.ActiveCfg = Debug|Any CPU
		{128B3EBC-DFCD-4EB4-9F2F-9F2FEF42FD02}.Debug|Any CPU.Build.0 = Debug|Any CPU
		{128B3EBC-DFCD-4EB4-9F2F-9F2FEF42FD02}.Release|Any CPU.ActiveCfg = Release|Any CPU
		{128B3EBC-DFCD-4EB4-9F2F-9F2FEF42FD02}.Release|Any CPU.Build.0 = Release|Any CPU
		{3FD4FDF8-081E-42F9-92E7-25158C8E5823}.Debug|Any CPU.ActiveCfg = Debug|Any CPU
		{3FD4FDF8-081E-42F9-92E7-25158C8E5823}.Debug|Any CPU.Build.0 = Debug|Any CPU
		{3FD4FDF8-081E-42F9-92E7-25158C8E5823}.Release|Any CPU.ActiveCfg = Release|Any CPU
		{3FD4FDF8-081E-42F9-92E7-25158C8E5823}.Release|Any CPU.Build.0 = Release|Any CPU
		{AB2E0791-633D-4B9B-8882-1887CCA37FC3}.Debug|Any CPU.ActiveCfg = Debug|Any CPU
		{AB2E0791-633D-4B9B-8882-1887CCA37FC3}.Debug|Any CPU.Build.0 = Debug|Any CPU
		{AB2E0791-633D-4B9B-8882-1887CCA37FC3}.Release|Any CPU.ActiveCfg = Release|Any CPU
		{AB2E0791-633D-4B9B-8882-1887CCA37FC3}.Release|Any CPU.Build.0 = Release|Any CPU
		{D43078C8-9E73-4B86-9535-12913BF2C608}.Debug|Any CPU.ActiveCfg = Debug|Any CPU
		{D43078C8-9E73-4B86-9535-12913BF2C608}.Debug|Any CPU.Build.0 = Debug|Any CPU
		{D43078C8-9E73-4B86-9535-12913BF2C608}.Release|Any CPU.ActiveCfg = Release|Any CPU
		{D43078C8-9E73-4B86-9535-12913BF2C608}.Release|Any CPU.Build.0 = Release|Any CPU
		{89B0067D-2624-4313-850D-AA638E9C7163}.Debug|Any CPU.ActiveCfg = Debug|Any CPU
		{89B0067D-2624-4313-850D-AA638E9C7163}.Debug|Any CPU.Build.0 = Debug|Any CPU
		{89B0067D-2624-4313-850D-AA638E9C7163}.Release|Any CPU.ActiveCfg = Release|Any CPU
		{89B0067D-2624-4313-850D-AA638E9C7163}.Release|Any CPU.Build.0 = Release|Any CPU
		{01181BE8-8738-4D11-B4F5-BC5BC43922F2}.Debug|Any CPU.ActiveCfg = Debug|Any CPU
		{01181BE8-8738-4D11-B4F5-BC5BC43922F2}.Debug|Any CPU.Build.0 = Debug|Any CPU
		{01181BE8-8738-4D11-B4F5-BC5BC43922F2}.Release|Any CPU.ActiveCfg = Release|Any CPU
		{01181BE8-8738-4D11-B4F5-BC5BC43922F2}.Release|Any CPU.Build.0 = Release|Any CPU
		{BCCF675E-7D28-48C0-AF0C-7669A08A011C}.Debug|Any CPU.ActiveCfg = Debug|Any CPU
		{BCCF675E-7D28-48C0-AF0C-7669A08A011C}.Debug|Any CPU.Build.0 = Debug|Any CPU
		{BCCF675E-7D28-48C0-AF0C-7669A08A011C}.Release|Any CPU.ActiveCfg = Release|Any CPU
		{BCCF675E-7D28-48C0-AF0C-7669A08A011C}.Release|Any CPU.Build.0 = Release|Any CPU
		{2D6976A0-119A-46E3-8807-6C59BF2FD38A}.Debug|Any CPU.ActiveCfg = Debug|Any CPU
		{2D6976A0-119A-46E3-8807-6C59BF2FD38A}.Debug|Any CPU.Build.0 = Debug|Any CPU
		{2D6976A0-119A-46E3-8807-6C59BF2FD38A}.Release|Any CPU.ActiveCfg = Release|Any CPU
		{2D6976A0-119A-46E3-8807-6C59BF2FD38A}.Release|Any CPU.Build.0 = Release|Any CPU
	EndGlobalSection
	GlobalSection(SolutionProperties) = preSolution
		HideSolutionNode = FALSE
	EndGlobalSection
	GlobalSection(ExtensibilityGlobals) = postSolution
		SolutionGuid = {8C32C53C-E0FE-4D04-ADD5-DC74014A6DD4}
	EndGlobalSection
EndGlobal
