
Microsoft Visual Studio Solution File, Format Version 12.00
# Visual Studio Version 16
VisualStudioVersion = 16.0.31205.134
MinimumVisualStudioVersion = 10.0.40219.1
Project("{9A19103F-16F7-4668-BE54-9A1E7A4F7556}") = "MyWebServer", "MyWebServer\MyWebServer.csproj", "{7DBDA0C8-6A18-4F46-9496-4292F53E9BA2}"
EndProject
Project("{2150E333-8FDC-42A3-9474-1A3956D46DE8}") = "Apps", "Apps", "{95CD61B2-1661-4263-984C-4B9BB7817111}"
EndProject
Project("{9A19103F-16F7-4668-BE54-9A1E7A4F7556}") = "CarShop", "Apps\CarShop\CarShop.csproj", "{FEA217C7-4731-4D11-9230-EF2E638E46F8}"
EndProject
Project("{9A19103F-16F7-4668-BE54-9A1E7A4F7556}") = "Git", "Apps\Git\Git.csproj", "{13428026-04EF-4E17-A13B-BC5B0C944CC4}"
EndProject
Project("{9A19103F-16F7-4668-BE54-9A1E7A4F7556}") = "Andreys", "Apps\Andreys\Andreys.csproj", "{B07E0581-AFF5-407C-B1E3-926030B120D8}"
EndProject
Project("{9A19103F-16F7-4668-BE54-9A1E7A4F7556}") = "SharedTrip", "Apps\SharedTrip\SharedTrip.csproj", "{D1A3E275-DFAF-4E21-BBAB-54432BF84BFB}"
EndProject
Project("{FAE04EC0-301F-11D3-BF4B-00C04F79EFBC}") = "BattleCards", "Apps\BattleCards\BattleCards.csproj", "{14D1932B-577C-454D-BAB4-95E1727F1592}"
EndProject
Global
	GlobalSection(SolutionConfigurationPlatforms) = preSolution
		Debug|Any CPU = Debug|Any CPU
		Release|Any CPU = Release|Any CPU
	EndGlobalSection
	GlobalSection(ProjectConfigurationPlatforms) = postSolution
		{7DBDA0C8-6A18-4F46-9496-4292F53E9BA2}.Debug|Any CPU.ActiveCfg = Debug|Any CPU
		{7DBDA0C8-6A18-4F46-9496-4292F53E9BA2}.Debug|Any CPU.Build.0 = Debug|Any CPU
		{7DBDA0C8-6A18-4F46-9496-4292F53E9BA2}.Release|Any CPU.ActiveCfg = Release|Any CPU
		{7DBDA0C8-6A18-4F46-9496-4292F53E9BA2}.Release|Any CPU.Build.0 = Release|Any CPU
		{FEA217C7-4731-4D11-9230-EF2E638E46F8}.Debug|Any CPU.ActiveCfg = Debug|Any CPU
		{FEA217C7-4731-4D11-9230-EF2E638E46F8}.Debug|Any CPU.Build.0 = Debug|Any CPU
		{FEA217C7-4731-4D11-9230-EF2E638E46F8}.Release|Any CPU.ActiveCfg = Release|Any CPU
		{FEA217C7-4731-4D11-9230-EF2E638E46F8}.Release|Any CPU.Build.0 = Release|Any CPU
		{13428026-04EF-4E17-A13B-BC5B0C944CC4}.Debug|Any CPU.ActiveCfg = Debug|Any CPU
		{13428026-04EF-4E17-A13B-BC5B0C944CC4}.Debug|Any CPU.Build.0 = Debug|Any CPU
		{13428026-04EF-4E17-A13B-BC5B0C944CC4}.Release|Any CPU.ActiveCfg = Release|Any CPU
		{13428026-04EF-4E17-A13B-BC5B0C944CC4}.Release|Any CPU.Build.0 = Release|Any CPU
		{B07E0581-AFF5-407C-B1E3-926030B120D8}.Debug|Any CPU.ActiveCfg = Debug|Any CPU
		{B07E0581-AFF5-407C-B1E3-926030B120D8}.Debug|Any CPU.Build.0 = Debug|Any CPU
		{B07E0581-AFF5-407C-B1E3-926030B120D8}.Release|Any CPU.ActiveCfg = Release|Any CPU
		{B07E0581-AFF5-407C-B1E3-926030B120D8}.Release|Any CPU.Build.0 = Release|Any CPU
		{D1A3E275-DFAF-4E21-BBAB-54432BF84BFB}.Debug|Any CPU.ActiveCfg = Debug|Any CPU
		{D1A3E275-DFAF-4E21-BBAB-54432BF84BFB}.Debug|Any CPU.Build.0 = Debug|Any CPU
		{D1A3E275-DFAF-4E21-BBAB-54432BF84BFB}.Release|Any CPU.ActiveCfg = Release|Any CPU
		{D1A3E275-DFAF-4E21-BBAB-54432BF84BFB}.Release|Any CPU.Build.0 = Release|Any CPU
		{14D1932B-577C-454D-BAB4-95E1727F1592}.Debug|Any CPU.ActiveCfg = Debug|Any CPU
		{14D1932B-577C-454D-BAB4-95E1727F1592}.Debug|Any CPU.Build.0 = Debug|Any CPU
		{14D1932B-577C-454D-BAB4-95E1727F1592}.Release|Any CPU.ActiveCfg = Release|Any CPU
		{14D1932B-577C-454D-BAB4-95E1727F1592}.Release|Any CPU.Build.0 = Release|Any CPU
	EndGlobalSection
	GlobalSection(SolutionProperties) = preSolution
		HideSolutionNode = FALSE
	EndGlobalSection
	GlobalSection(NestedProjects) = preSolution
		{FEA217C7-4731-4D11-9230-EF2E638E46F8} = {95CD61B2-1661-4263-984C-4B9BB7817111}
		{13428026-04EF-4E17-A13B-BC5B0C944CC4} = {95CD61B2-1661-4263-984C-4B9BB7817111}
		{B07E0581-AFF5-407C-B1E3-926030B120D8} = {95CD61B2-1661-4263-984C-4B9BB7817111}
		{D1A3E275-DFAF-4E21-BBAB-54432BF84BFB} = {95CD61B2-1661-4263-984C-4B9BB7817111}
		{14D1932B-577C-454D-BAB4-95E1727F1592} = {95CD61B2-1661-4263-984C-4B9BB7817111}
	EndGlobalSection
	GlobalSection(ExtensibilityGlobals) = postSolution
		SolutionGuid = {B9218E3C-82C9-46BF-8569-4C5DC669BB3B}
	EndGlobalSection
EndGlobal
