
Microsoft Visual Studio Solution File, Format Version 12.00
# Visual Studio Version 16
VisualStudioVersion = 16.0.30406.217
MinimumVisualStudioVersion = 10.0.40219.1
Project("{FAE04EC0-301F-11D3-BF4B-00C04F79EFBC}") = "STREAMS, FILES AND DIRECTORIES", "STREAMS, FILES AND DIRECTORIES.csproj", "{CB3FC2A6-7131-4C32-B1E6-F46E0A63F2F2}"
EndProject
Global
	GlobalSection(SolutionConfigurationPlatforms) = preSolution
		Debug|Any CPU = Debug|Any CPU
		Release|Any CPU = Release|Any CPU
	EndGlobalSection
	GlobalSection(ProjectConfigurationPlatforms) = postSolution
		{CB3FC2A6-7131-4C32-B1E6-F46E0A63F2F2}.Debug|Any CPU.ActiveCfg = Debug|Any CPU
		{CB3FC2A6-7131-4C32-B1E6-F46E0A63F2F2}.Debug|Any CPU.Build.0 = Debug|Any CPU
		{CB3FC2A6-7131-4C32-B1E6-F46E0A63F2F2}.Release|Any CPU.ActiveCfg = Release|Any CPU
		{CB3FC2A6-7131-4C32-B1E6-F46E0A63F2F2}.Release|Any CPU.Build.0 = Release|Any CPU
	EndGlobalSection
	GlobalSection(SolutionProperties) = preSolution
		HideSolutionNode = FALSE
	EndGlobalSection
	GlobalSection(ExtensibilityGlobals) = postSolution
		SolutionGuid = {FAD0BF0F-B9A2-4201-BBCD-938F017B202E}
	EndGlobalSection
EndGlobal
